{
  "name": "openenv_hackathon_opencode",
  "version": "1.0.0",
  "lockfileVersion": 3,
  "requires": true,
  "packages": {
    "": {
      "name": "openenv_hackathon_opencode",
      "version": "1.0.0",
      "license": "ISC",
      "dependencies": {
        "opencode-ai": "^1.3.17"
      }
    },
    "node_modules/opencode-ai": {
      "version": "1.4.0",
      "resolved": "https://registry.npmjs.org/opencode-ai/-/opencode-ai-1.4.0.tgz",
      "integrity": "sha512-Cb5Vo5Rl1gvOIXC8gtgupwoa5+rufsp+6u5tIxIYLl5fReX+P2eugLSOkKH2KB5GC6BwxaEvapEZiPvQYsZSXA==",
      "hasInstallScript": true,
      "license": "MIT",
      "bin": {
        "opencode": "bin/opencode"
      },
      "optionalDependencies": {
        "opencode-darwin-arm64": "1.4.0",
        "opencode-darwin-x64": "1.4.0",
        "opencode-darwin-x64-baseline": "1.4.0",
        "opencode-linux-arm64": "1.4.0",
        "opencode-linux-arm64-musl": "1.4.0",
        "opencode-linux-x64": "1.4.0",
        "opencode-linux-x64-baseline": "1.4.0",
        "opencode-linux-x64-baseline-musl": "1.4.0",
        "opencode-linux-x64-musl": "1.4.0",
        "opencode-windows-arm64": "1.4.0",
        "opencode-windows-x64": "1.4.0",
        "opencode-windows-x64-baseline": "1.4.0"
      }
    },
    "node_modules/opencode-darwin-arm64": {
      "version": "1.4.0",
      "resolved": "https://registry.npmjs.org/opencode-darwin-arm64/-/opencode-darwin-arm64-1.4.0.tgz",
      "integrity": "sha512-rXdrH1Oejb+220ZCzkd1P+tCP7IhLTyfRbUr89vzvEWVRueh0vr2hvyrGDVv9LAskZAt/hwY3Wnw9CzjtxocdQ==",
      "cpu": [
        "arm64"
      ],
      "optional": true,
      "os": [
        "darwin"
      ]
    },
    "node_modules/opencode-darwin-x64": {
      "version": "1.4.0",
      "resolved": "https://registry.npmjs.org/opencode-darwin-x64/-/opencode-darwin-x64-1.4.0.tgz",
      "integrity": "sha512-PhBfT2EtPos7jcGBtVSz3+yKv2e1nQy1UrXiH4ILdSgwzroKU/0kMsRtWJeMPHIj1imUQmSVlnDcuxiCiCkozw==",
      "cpu": [
        "x64"
      ],
      "optional": true,
      "os": [
        "darwin"
      ]
    },
    "node_modules/opencode-darwin-x64-baseline": {
      "version": "1.4.0",
      "resolved": "https://registry.npmjs.org/opencode-darwin-x64-baseline/-/opencode-darwin-x64-baseline-1.4.0.tgz",
      "integrity": "sha512-5xCXF8Xn9M2WQKZATc4llm9qrAc4JodmQj88Oibbz/rXIOr/A1ejXvaeqLOQkQyQweeEABlYXOf3eCiY5hx8Gw==",
      "cpu": [
        "x64"
      ],
      "optional": true,
      "os": [
        "darwin"
      ]
    },
    "node_modules/opencode-linux-arm64": {
      "version": "1.4.0",
      "resolved": "https://registry.npmjs.org/opencode-linux-arm64/-/opencode-linux-arm64-1.4.0.tgz",
      "integrity": "sha512-XEM3tP7DTrYDEYCe9jqC/xtgzPJpCZTfinc5DjcPuh2hx+iHCGSr9+qG7tRGeCyvD9ibAFewNtpco5Is49JCrg==",
      "cpu": [
        "arm64"
      ],
      "optional": true,
      "os": [
        "linux"
      ]
    },
    "node_modules/opencode-linux-arm64-musl": {
      "version": "1.4.0",
      "resolved": "https://registry.npmjs.org/opencode-linux-arm64-musl/-/opencode-linux-arm64-musl-1.4.0.tgz",
      "integrity": "sha512-1lc0Nj6OmtJF5NJn+AhV7rXOHzw+0p7rvXQu2iqd9V7DpUEbltyF6oiyuF54gBZjHpvSzFXu8a3YeTcuMEXdNA==",
      "cpu": [
        "arm64"
      ],
      "optional": true,
      "os": [
        "linux"
      ]
    },
    "node_modules/opencode-linux-x64": {
      "version": "1.4.0",
      "resolved": "https://registry.npmjs.org/opencode-linux-x64/-/opencode-linux-x64-1.4.0.tgz",
      "integrity": "sha512-Ops08slOBhHbKaYhERH8zMTjlM6mearVaA0udCDIx2fGqDbZRisoRyyI6Z44GPYBH02w8eGmvOvnF5fQYyq2fw==",
      "cpu": [
        "x64"
      ],
      "optional": true,
      "os": [
        "linux"
      ]
    },
    "node_modules/opencode-linux-x64-baseline": {
      "version": "1.4.0",
      "resolved": "https://registry.npmjs.org/opencode-linux-x64-baseline/-/opencode-linux-x64-baseline-1.4.0.tgz",
      "integrity": "sha512-GocjLGNgs41PLgSVPWxT3Do0StZkDB9QF3e3VIIAGzPmOVcpTZLdDvJPkZdRbRGcVfUcSRGquBbBgvwK9Zsw4w==",
      "cpu": [
        "x64"
      ],
      "optional": true,
      "os": [
        "linux"
      ]
    },
    "node_modules/opencode-linux-x64-baseline-musl": {
      "version": "1.4.0",
      "resolved": "https://registry.npmjs.org/opencode-linux-x64-baseline-musl/-/opencode-linux-x64-baseline-musl-1.4.0.tgz",
      "integrity": "sha512-URg1JXIUaNz0R4TLUT98rK2jozmh5ScAkkqxPK6LWj3XwJojJx23mJRNgLb26034PgNkUwXhrtdbnyPTSVlkqQ==",
      "cpu": [
        "x64"
      ],
      "optional": true,
      "os": [
        "linux"
      ]
    },
    "node_modules/opencode-linux-x64-musl": {
      "version": "1.4.0",
      "resolved": "https://registry.npmjs.org/opencode-linux-x64-musl/-/opencode-linux-x64-musl-1.4.0.tgz",
      "integrity": "sha512-yGb1uNO++BtkZ7X/LGLax9ppaEvsmn5s5GaAqcrYj/SyJA5cL2IYzEeMYRAsrb0b81fQCSq5SLEiWiMq1o59oA==",
      "cpu": [
        "x64"
      ],
      "optional": true,
      "os": [
        "linux"
      ]
    },
    "node_modules/opencode-windows-arm64": {
      "version": "1.4.0",
      "resolved": "https://registry.npmjs.org/opencode-windows-arm64/-/opencode-windows-arm64-1.4.0.tgz",
      "integrity": "sha512-47quWER7bCGRPWRXd3fsOyu5F/T4Y65FiS05kD+PYYV4iOJymlBQ34kpcJhNBOpQLYf9HSLbJ8AaJeb5dmUi+Q==",
      "cpu": [
        "arm64"
      ],
      "optional": true,
      "os": [
        "win32"
      ]
    },
    "node_modules/opencode-windows-x64": {
      "version": "1.4.0",
      "resolved": "https://registry.npmjs.org/opencode-windows-x64/-/opencode-windows-x64-1.4.0.tgz",
      "integrity": "sha512-DQ8CoxCsmFM38U1e73+hFuB6Wu0tbn6B4R7KwcL1JhvKvQaYYiukNfuLgcjjx5D7s81NP1SWlv6lw60wN0gq8g==",
      "cpu": [
        "x64"
      ],
      "optional": true,
      "os": [
        "win32"
      ]
    },
    "node_modules/opencode-windows-x64-baseline": {
      "version": "1.4.0",
      "resolved": "https://registry.npmjs.org/opencode-windows-x64-baseline/-/opencode-windows-x64-baseline-1.4.0.tgz",
      "integrity": "sha512-eGK9lF70XKzf9zBO7xil9+Vl7ZJUAgLK6bG6kug6RKxD6FsydY3Y6q/3tIW0+YZ0wyINOtEbTRfUHbO5TxV4FQ==",
      "cpu": [
        "x64"
      ],
      "optional": true,
      "os": [
        "win32"
      ]
    }
  }
}
